FORGE
  remote: https://forgeapi.puppetlabs.com
  specs:
    example42-dovecot (2.0.16)
      example42-firewall (>= 2.0.0)
      example42-monitor (>= 2.0.0)
      example42-puppi (>= 2.0.0)
    example42-firewall (2.1.3)
      example42-iptables (>= 2.0.0)
      example42-puppi (>= 2.0.0)
    example42-iptables (2.1.10)
      example42-puppi (>= 2.0.0)
      puppetlabs-concat (>= 1.0.0)
      puppetlabs-stdlib (>= 4.1.0)
    example42-monitor (2.0.3)
      example42-puppi (>= 2.0.0)
    example42-puppi (2.1.11)
    garethr-docker (4.1.0)
      puppetlabs-apt (<= 3.0.0, >= 1.1.0)
      puppetlabs-stdlib (>= 4.1.0)
      stahnma-epel (>= 0.0.6)
    jfryman-nginx (0.2.7)
      puppetlabs-apt (< 3.0.0, >= 1.8.0)
      puppetlabs-concat (< 2.0.0, >= 1.1.1)
      puppetlabs-stdlib (< 5.0.0, >= 4.2.0)
    nanliu-staging (1.0.3)
    puppetlabs-apt (2.1.1)
      puppetlabs-stdlib (< 5.0.0, >= 4.5.0)
    puppetlabs-concat (1.2.0)
      puppetlabs-stdlib (< 5.0.0, >= 3.2.0)
    puppetlabs-java (1.3.0)
      puppetlabs-stdlib (>= 2.4.0)
    puppetlabs-mongodb (0.11.0)
      puppetlabs-apt (< 3.0.0, >= 1.0.0)
      puppetlabs-stdlib (< 5.0.0, >= 2.2.0)
    puppetlabs-mysql (3.5.0)
      nanliu-staging (~> 1.0)
      puppetlabs-stdlib (< 5.0.0, >= 3.2.0)
    puppetlabs-stdlib (4.5.1)
    puppetlabs-tomcat (1.2.0)
      nanliu-staging (>= 0.4.1)
      puppetlabs-concat (>= 1.0.4)
      puppetlabs-stdlib (>= 4.2.0)
    ssm-munin (0.0.10)
      puppetlabs-stdlib (>= 2.3.0)
    stahnma-epel (1.0.2)
    thias-mailman (0.1.4)
    thias-php (1.1.1)
    thias-postfix (0.3.3)

DEPENDENCIES
  example42-dovecot (>= 0)
  garethr-docker (>= 0)
  jfryman-nginx (>= 0)
  puppetlabs-java (>= 0)
  puppetlabs-mongodb (>= 0)
  puppetlabs-mysql (>= 0)
  puppetlabs-stdlib (>= 0)
  puppetlabs-tomcat (>= 0)
  ssm-munin (>= 0)
  thias-mailman (>= 0)
  thias-php (>= 0)
  thias-postfix (>= 0)

